
Microsoft Visual Studio Solution File, Format Version 12.00
# Visual Studio Version 17
VisualStudioVersion = 17.5.002.0
MinimumVisualStudioVersion = 10.0.40219.1
Project("{2150E333-8FDC-42A3-9474-1A3956D46DE8}") = "conversor_temperatura", "conversor_temperatura", "{756B16F6-6084-4EED-85E9-544967692F25}"
EndProject
Project("{9A19103F-16F7-4668-BE54-9A1E7A4F7556}") = "Conversor", "conversor_temperatura\Conversor\Conversor.csproj", "{DD07F8F3-7CC2-41F0-8991-1533C049A39F}"
EndProject
Global
	GlobalSection(SolutionConfigurationPlatforms) = preSolution
		Debug|Any CPU = Debug|Any CPU
		Release|Any CPU = Release|Any CPU
	EndGlobalSection
	GlobalSection(ProjectConfigurationPlatforms) = postSolution
		{DD07F8F3-7CC2-41F0-8991-1533C049A39F}.Debug|Any CPU.ActiveCfg = Debug|Any CPU
		{DD07F8F3-7CC2-41F0-8991-1533C049A39F}.Debug|Any CPU.Build.0 = Debug|Any CPU
		{DD07F8F3-7CC2-41F0-8991-1533C049A39F}.Release|Any CPU.ActiveCfg = Release|Any CPU
		{DD07F8F3-7CC2-41F0-8991-1533C049A39F}.Release|Any CPU.Build.0 = Release|Any CPU
	EndGlobalSection
	GlobalSection(SolutionProperties) = preSolution
		HideSolutionNode = FALSE
	EndGlobalSection
	GlobalSection(NestedProjects) = preSolution
		{DD07F8F3-7CC2-41F0-8991-1533C049A39F} = {756B16F6-6084-4EED-85E9-544967692F25}
	EndGlobalSection
	GlobalSection(ExtensibilityGlobals) = postSolution
		SolutionGuid = {5ABA7A28-D019-42B2-9E06-75A946592901}
	EndGlobalSection
EndGlobal
